
Microsoft Visual Studio Solution File, Format Version 12.00
# Visual Studio Version 16
VisualStudioVersion = 16.0.31727.386
MinimumVisualStudioVersion = 10.0.40219.1
Project("{FAE04EC0-301F-11D3-BF4B-00C04F79EFBC}") = "Api", "Api\Api.csproj", "{282E4C1D-C2A8-4533-B553-233616F7FCA0}"
EndProject
Project("{FAE04EC0-301F-11D3-BF4B-00C04F79EFBC}") = "Domain", "Domain\Domain.csproj", "{9EB4460D-052F-4F41-8208-A99D2B872CDD}"
EndProject
Project("{FAE04EC0-301F-11D3-BF4B-00C04F79EFBC}") = "DAL", "DAL\DAL.csproj", "{58D27B54-8B7C-4F05-AAA0-46EF1180E210}"
EndProject
Project("{FAE04EC0-301F-11D3-BF4B-00C04F79EFBC}") = "Business", "Business\Business.csproj", "{F72BC1F8-A6F3-4AEE-8D71-F9B71C10ADA1}"
EndProject
Global
	GlobalSection(SolutionConfigurationPlatforms) = preSolution
		Debug|Any CPU = Debug|Any CPU
		Release|Any CPU = Release|Any CPU
	EndGlobalSection
	GlobalSection(ProjectConfigurationPlatforms) = postSolution
		{282E4C1D-C2A8-4533-B553-233616F7FCA0}.Debug|Any CPU.ActiveCfg = Debug|Any CPU
		{282E4C1D-C2A8-4533-B553-233616F7FCA0}.Debug|Any CPU.Build.0 = Debug|Any CPU
		{282E4C1D-C2A8-4533-B553-233616F7FCA0}.Release|Any CPU.ActiveCfg = Release|Any CPU
		{282E4C1D-C2A8-4533-B553-233616F7FCA0}.Release|Any CPU.Build.0 = Release|Any CPU
		{9EB4460D-052F-4F41-8208-A99D2B872CDD}.Debug|Any CPU.ActiveCfg = Debug|Any CPU
		{9EB4460D-052F-4F41-8208-A99D2B872CDD}.Debug|Any CPU.Build.0 = Debug|Any CPU
		{9EB4460D-052F-4F41-8208-A99D2B872CDD}.Release|Any CPU.ActiveCfg = Release|Any CPU
		{9EB4460D-052F-4F41-8208-A99D2B872CDD}.Release|Any CPU.Build.0 = Release|Any CPU
		{58D27B54-8B7C-4F05-AAA0-46EF1180E210}.Debug|Any CPU.ActiveCfg = Debug|Any CPU
		{58D27B54-8B7C-4F05-AAA0-46EF1180E210}.Debug|Any CPU.Build.0 = Debug|Any CPU
		{58D27B54-8B7C-4F05-AAA0-46EF1180E210}.Release|Any CPU.ActiveCfg = Release|Any CPU
		{58D27B54-8B7C-4F05-AAA0-46EF1180E210}.Release|Any CPU.Build.0 = Release|Any CPU
		{F72BC1F8-A6F3-4AEE-8D71-F9B71C10ADA1}.Debug|Any CPU.ActiveCfg = Debug|Any CPU
		{F72BC1F8-A6F3-4AEE-8D71-F9B71C10ADA1}.Debug|Any CPU.Build.0 = Debug|Any CPU
		{F72BC1F8-A6F3-4AEE-8D71-F9B71C10ADA1}.Release|Any CPU.ActiveCfg = Release|Any CPU
		{F72BC1F8-A6F3-4AEE-8D71-F9B71C10ADA1}.Release|Any CPU.Build.0 = Release|Any CPU
	EndGlobalSection
	GlobalSection(SolutionProperties) = preSolution
		HideSolutionNode = FALSE
	EndGlobalSection
	GlobalSection(ExtensibilityGlobals) = postSolution
		SolutionGuid = {727B7765-3387-429E-A282-4CD555FC74BA}
	EndGlobalSection
EndGlobal
